// !$*UTF8*$!
{
	archiveVersion = 1;
	classes = {
	};
	objectVersion = 46;
	objects = {

/* Begin PBXBuildFile section */
		113625AE1F41AC4000A7A609 /* AppDelegate.swift in Sources */ = {isa = PBXBuildFile; fileRef = 113625AD1F41AC4000A7A609 /* AppDelegate.swift */; };
		113625B01F41AC4000A7A609 /* WelcomeWC.swift in Sources */ = {isa = PBXBuildFile; fileRef = 113625AF1F41AC4000A7A609 /* WelcomeWC.swift */; };
		113625B31F41AC4000A7A609 /* Main.storyboard in Resources */ = {isa = PBXBuildFile; fileRef = 113625B11F41AC4000A7A609 /* Main.storyboard */; };
		113625B51F41AC4000A7A609 /* Assets.xcassets in Resources */ = {isa = PBXBuildFile; fileRef = 113625B41F41AC4000A7A609 /* Assets.xcassets */; };
		113625B81F41AC4000A7A609 /* LaunchScreen.storyboard in Resources */ = {isa = PBXBuildFile; fileRef = 113625B61F41AC4000A7A609 /* LaunchScreen.storyboard */; };
		113625C11F41B69800A7A609 /* BorderButton.swift in Sources */ = {isa = PBXBuildFile; fileRef = 113625C01F41B69800A7A609 /* BorderButton.swift */; };
		113625C51F42532400A7A609 /* LeagueVC.swift in Sources */ = {isa = PBXBuildFile; fileRef = 113625C41F42532400A7A609 /* LeagueVC.swift */; };
		113625C71F42533500A7A609 /* SkillVC.swift in Sources */ = {isa = PBXBuildFile; fileRef = 113625C61F42533500A7A609 /* SkillVC.swift */; };
		113625C91F425EC200A7A609 /* Player.swift in Sources */ = {isa = PBXBuildFile; fileRef = 113625C81F425EC200A7A609 /* Player.swift */; };
/* End PBXBuildFile section */

/* Begin PBXFileReference section */
		113625AA1F41AC4000A7A609 /* app-swoosh.app */ = {isa = PBXFileReference; explicitFileType = wrapper.application; includeInIndex = 0; path = "app-swoosh.app"; sourceTree = BUILT_PRODUCTS_DIR; };
		113625AD1F41AC4000A7A609 /* AppDelegate.swift */ = {isa = PBXFileReference; lastKnownFileType = sourcecode.swift; path = AppDelegate.swift; sourceTree = "<group>"; };
		113625AF1F41AC4000A7A609 /* WelcomeWC.swift */ = {isa = PBXFileReference; lastKnownFileType = sourcecode.swift; path = WelcomeWC.swift; sourceTree = "<group>"; };
		113625B21F41AC4000A7A609 /* Base */ = {isa = PBXFileReference; lastKnownFileType = file.storyboard; name = Base; path = Base.lproj/Main.storyboard; sourceTree = "<group>"; };
		113625B41F41AC4000A7A609 /* Assets.xcassets */ = {isa = PBXFileReference; lastKnownFileType = folder.assetcatalog; path = Assets.xcassets; sourceTree = "<group>"; };
		113625B71F41AC4000A7A609 /* Base */ = {isa = PBXFileReference; lastKnownFileType = file.storyboard; name = Base; path = Base.lproj/LaunchScreen.storyboard; sourceTree = "<group>"; };
		113625B91F41AC4000A7A609 /* Info.plist */ = {isa = PBXFileReference; lastKnownFileType = text.plist.xml; path = Info.plist; sourceTree = "<group>"; };
		113625C01F41B69800A7A609 /* BorderButton.swift */ = {isa = PBXFileReference; fileEncoding = 4; lastKnownFileType = sourcecode.swift; path = BorderButton.swift; sourceTree = "<group>"; };
		113625C41F42532400A7A609 /* LeagueVC.swift */ = {isa = PBXFileReference; fileEncoding = 4; lastKnownFileType = sourcecode.swift; path = LeagueVC.swift; sourceTree = "<group>"; };
		113625C61F42533500A7A609 /* SkillVC.swift */ = {isa = PBXFileReference; fileEncoding = 4; lastKnownFileType = sourcecode.swift; path = SkillVC.swift; sourceTree = "<group>"; };
		113625C81F425EC200A7A609 /* Player.swift */ = {isa = PBXFileReference; fileEncoding = 4; lastKnownFileType = sourcecode.swift; path = Player.swift; sourceTree = "<group>"; };
/* End PBXFileReference section */

/* Begin PBXFrameworksBuildPhase section */
		113625A71F41AC4000A7A609 /* Frameworks */ = {
			isa = PBXFrameworksBuildPhase;
			buildActionMask = 2147483647;
			files = (
			);
			runOnlyForDeploymentPostprocessing = 0;
		};
/* End PBXFrameworksBuildPhase section */

/* Begin PBXGroup section */
		113625A11F41AC4000A7A609 = {
			isa = PBXGroup;
			children = (
				113625AC1F41AC4000A7A609 /* app-swoosh */,
				113625AB1F41AC4000A7A609 /* Products */,
			);
			sourceTree = "<group>";
		};
		113625AB1F41AC4000A7A609 /* Products */ = {
			isa = PBXGroup;
			children = (
				113625AA1F41AC4000A7A609 /* app-swoosh.app */,
			);
			name = Products;
			sourceTree = "<group>";
		};
		113625AC1F41AC4000A7A609 /* app-swoosh */ = {
			isa = PBXGroup;
			children = (
				113625C21F42513500A7A609 /* Model */,
				113625C31F42513D00A7A609 /* Controller */,
				113625BF1F41B60300A7A609 /* View */,
				113625AD1F41AC4000A7A609 /* AppDelegate.swift */,
				113625B11F41AC4000A7A609 /* Main.storyboard */,
				113625B41F41AC4000A7A609 /* Assets.xcassets */,
				113625B61F41AC4000A7A609 /* LaunchScreen.storyboard */,
				113625B91F41AC4000A7A609 /* Info.plist */,
			);
			path = "app-swoosh";
			sourceTree = "<group>";
		};
		113625BF1F41B60300A7A609 /* View */ = {
			isa = PBXGroup;
			children = (
				113625C01F41B69800A7A609 /* BorderButton.swift */,
			);
			name = View;
			sourceTree = "<group>";
		};
		113625C21F42513500A7A609 /* Model */ = {
			isa = PBXGroup;
			children = (
				113625C81F425EC200A7A609 /* Player.swift */,
			);
			name = Model;
			sourceTree = "<group>";
		};
		113625C31F42513D00A7A609 /* Controller */ = {
			isa = PBXGroup;
			children = (
				113625AF1F41AC4000A7A609 /* WelcomeWC.swift */,
				113625C41F42532400A7A609 /* LeagueVC.swift */,
				113625C61F42533500A7A609 /* SkillVC.swift */,
			);
			name = Controller;
			sourceTree = "<group>";
		};
/* End PBXGroup section */

/* Begin PBXNativeTarget section */
		113625A91F41AC4000A7A609 /* app-swoosh */ = {
			isa = PBXNativeTarget;
			buildConfigurationList = 113625BC1F41AC4000A7A609 /* Build configuration list for PBXNativeTarget "app-swoosh" */;
			buildPhases = (
				113625A61F41AC4000A7A609 /* Sources */,
				113625A71F41AC4000A7A609 /* Frameworks */,
				113625A81F41AC4000A7A609 /* Resources */,
			);
			buildRules = (
			);
			dependencies = (
			);
			name = "app-swoosh";
			productName = "app-swoosh";
			productReference = 113625AA1F41AC4000A7A609 /* app-swoosh.app */;
			productType = "com.apple.product-type.application";
		};
/* End PBXNativeTarget section */

/* Begin PBXProject section */
		113625A21F41AC4000A7A609 /* Project object */ = {
			isa = PBXProject;
			attributes = {
				LastSwiftUpdateCheck = 0820;
				LastUpgradeCheck = 0820;
				ORGANIZATIONNAME = Alexander;
				TargetAttributes = {
					113625A91F41AC4000A7A609 = {
						CreatedOnToolsVersion = 8.2.1;
						DevelopmentTeam = ZN234ZPN46;
						ProvisioningStyle = Automatic;
					};
				};
			};
			buildConfigurationList = 113625A51F41AC4000A7A609 /* Build configuration list for PBXProject "app-swoosh" */;
			compatibilityVersion = "Xcode 3.2";
			developmentRegion = English;
			hasScannedForEncodings = 0;
			knownRegions = (
				en,
				Base,
			);
			mainGroup = 113625A11F41AC4000A7A609;
			productRefGroup = 113625AB1F41AC4000A7A609 /* Products */;
			projectDirPath = "";
			projectRoot = "";
			targets = (
				113625A91F41AC4000A7A609 /* app-swoosh */,
			);
		};
/* End PBXProject section */

/* Begin PBXResourcesBuildPhase section */
		113625A81F41AC4000A7A609 /* Resources */ = {
			isa = PBXResourcesBuildPhase;
			buildActionMask = 2147483647;
			files = (
				113625B81F41AC4000A7A609 /* LaunchScreen.storyboard in Resources */,
				113625B51F41AC4000A7A609 /* Assets.xcassets in Resources */,
				113625B31F41AC4000A7A609 /* Main.storyboard in Resources */,
			);
			runOnlyForDeploymentPostprocessing = 0;
		};
/* End PBXResourcesBuildPhase section */

/* Begin PBXSourcesBuildPhase section */
		113625A61F41AC4000A7A609 /* Sources */ = {
			isa = PBXSourcesBuildPhase;
			buildActionMask = 2147483647;
			files = (
				113625B01F41AC4000A7A609 /* WelcomeWC.swift in Sources */,
				113625C51F42532400A7A609 /* LeagueVC.swift in Sources */,
				113625AE1F41AC4000A7A609 /* AppDelegate.swift in Sources */,
				113625C71F42533500A7A609 /* SkillVC.swift in Sources */,
				113625C91F425EC200A7A609 /* Player.swift in Sources */,
				113625C11F41B69800A7A609 /* BorderButton.swift in Sources */,
			);
			runOnlyForDeploymentPostprocessing = 0;
		};
/* End PBXSourcesBuildPhase section */

/* Begin PBXVariantGroup section */
		113625B11F41AC4000A7A609 /* Main.storyboard */ = {
			isa = PBXVariantGroup;
			children = (
				113625B21F41AC4000A7A609 /* Base */,
			);
			name = Main.storyboard;
			sourceTree = "<group>";
		};
		113625B61F41AC4000A7A609 /* LaunchScreen.storyboard */ = {
			isa = PBXVariantGroup;
			children = (
				113625B71F41AC4000A7A609 /* Base */,
			);
			name = LaunchScreen.storyboard;
			sourceTree = "<group>";
		};
/* End PBXVariantGroup section */

/* Begin XCBuildConfiguration section */
		113625BA1F41AC4000A7A609 /* Debug */ = {
			isa = XCBuildConfiguration;
			buildSettings = {
				ALWAYS_SEARCH_USER_PATHS = NO;
				CLANG_ANALYZER_NONNULL = YES;
				CLANG_CXX_LANGUAGE_STANDARD = "gnu++0x";
				CLANG_CXX_LIBRARY = "libc++";
				CLANG_ENABLE_MODULES = YES;
				CLANG_ENABLE_OBJC_ARC = YES;
				CLANG_WARN_BOOL_CONVERSION = YES;
				CLANG_WARN_CONSTANT_CONVERSION = YES;
				CLANG_WARN_DIRECT_OBJC_ISA_USAGE = YES_ERROR;
				CLANG_WARN_DOCUMENTATION_COMMENTS = YES;
				CLANG_WARN_EMPTY_BODY = YES;
				CLANG_WARN_ENUM_CONVERSION = YES;
				CLANG_WARN_INFINITE_RECURSION = YES;
				CLANG_WARN_INT_CONVERSION = YES;
				CLANG_WARN_OBJC_ROOT_CLASS = YES_ERROR;
				CLANG_WARN_SUSPICIOUS_MOVE = YES;
				CLANG_WARN_UNREACHABLE_CODE = YES;
				CLANG_WARN__DUPLICATE_METHOD_MATCH = YES;
				"CODE_SIGN_IDENTITY[sdk=iphoneos*]" = "iPhone Developer";
				COPY_PHASE_STRIP = NO;
				DEBUG_INFORMATION_FORMAT = dwarf;
				ENABLE_STRICT_OBJC_MSGSEND = YES;
				ENABLE_TESTABILITY = YES;
				GCC_C_LANGUAGE_STANDARD = gnu99;
				GCC_DYNAMIC_NO_PIC = NO;
				GCC_NO_COMMON_BLOCKS = YES;
				GCC_OPTIMIZATION_LEVEL = 0;
				GCC_PREPROCESSOR_DEFINITIONS = (
					"DEBUG=1",
					"$(inherited)",
				);
				GCC_WARN_64_TO_32_BIT_CONVERSION = YES;
				GCC_WARN_ABOUT_RETURN_TYPE = YES_ERROR;
				GCC_WARN_UNDECLARED_SELECTOR = YES;
				GCC_WARN_UNINITIALIZED_AUTOS = YES_AGGRESSIVE;
				GCC_WARN_UNUSED_FUNCTION = YES;
				GCC_WARN_UNUSED_VARIABLE = YES;
				IPHONEOS_DEPLOYMENT_TARGET = 10.2;
				MTL_ENABLE_DEBUG_INFO = YES;
				ONLY_ACTIVE_ARCH = YES;
				SDKROOT = iphoneos;
				SWIFT_ACTIVE_COMPILATION_CONDITIONS = DEBUG;
				SWIFT_OPTIMIZATION_LEVEL = "-Onone";
				TARGETED_DEVICE_FAMILY = "1,2";
			};
			name = Debug;
		};
		113625BB1F41AC4000A7A609 /* Release */ = {
			isa = XCBuildConfiguration;
			buildSettings = {
				ALWAYS_SEARCH_USER_PATHS = NO;
				CLANG_ANALYZER_NONNULL = YES;
				CLANG_CXX_LANGUAGE_STANDARD = "gnu++0x";
				CLANG_CXX_LIBRARY = "libc++";
				CLANG_ENABLE_MODULES = YES;
				CLANG_ENABLE_OBJC_ARC = YES;
				CLANG_WARN_BOOL_CONVERSION = YES;
				CLANG_WARN_CONSTANT_CONVERSION = YES;
				CLANG_WARN_DIRECT_OBJC_ISA_USAGE = YES_ERROR;
				CLANG_WARN_DOCUMENTATION_COMMENTS = YES;
				CLANG_WARN_EMPTY_BODY = YES;
				CLANG_WARN_ENUM_CONVERSION = YES;
				CLANG_WARN_INFINITE_RECURSION = YES;
				CLANG_WARN_INT_CONVERSION = YES;
				CLANG_WARN_OBJC_ROOT_CLASS = YES_ERROR;
				CLANG_WARN_SUSPICIOUS_MOVE = YES;
				CLANG_WARN_UNREACHABLE_CODE = YES;
				CLANG_WARN__DUPLICATE_METHOD_MATCH = YES;
				"CODE_SIGN_IDENTITY[sdk=iphoneos*]" = "iPhone Developer";
				COPY_PHASE_STRIP = NO;
				DEBUG_INFORMATION_FORMAT = "dwarf-with-dsym";
				ENABLE_NS_ASSERTIONS = NO;
				ENABLE_STRICT_OBJC_MSGSEND = YES;
				GCC_C_LANGUAGE_STANDARD = gnu99;
				GCC_NO_COMMON_BLOCKS = YES;
				GCC_WARN_64_TO_32_BIT_CONVERSION = YES;
				GCC_WARN_ABOUT_RETURN_TYPE = YES_ERROR;
				GCC_WARN_UNDECLARED_SELECTOR = YES;
				GCC_WARN_UNINITIALIZED_AUTOS = YES_AGGRESSIVE;
				GCC_WARN_UNUSED_FUNCTION = YES;
				GCC_WARN_UNUSED_VARIABLE = YES;
				IPHONEOS_DEPLOYMENT_TARGET = 10.2;
				MTL_ENABLE_DEBUG_INFO = NO;
				SDKROOT = iphoneos;
				SWIFT_OPTIMIZATION_LEVEL = "-Owholemodule";
				TARGETED_DEVICE_FAMILY = "1,2";
				VALIDATE_PRODUCT = YES;
			};
			name = Release;
		};
		113625BD1F41AC4000A7A609 /* Debug */ = {
			isa = XCBuildConfiguration;
			buildSettings = {
				ASSETCATALOG_COMPILER_APPICON_NAME = AppIcon;
				DEVELOPMENT_TEAM = ZN234ZPN46;
				INFOPLIST_FILE = "app-swoosh/Info.plist";
				LD_RUNPATH_SEARCH_PATHS = "$(inherited) @executable_path/Frameworks";
				PRODUCT_BUNDLE_IDENTIFIER = "com.alexnuzhnyi.app-swoosh";
				PRODUCT_NAME = "$(TARGET_NAME)";
				SWIFT_VERSION = 3.0;
			};
			name = Debug;
		};
		113625BE1F41AC4000A7A609 /* Release */ = {
			isa = XCBuildConfiguration;
			buildSettings = {
				ASSETCATALOG_COMPILER_APPICON_NAME = AppIcon;
				DEVELOPMENT_TEAM = ZN234ZPN46;
				INFOPLIST_FILE = "app-swoosh/Info.plist";
				LD_RUNPATH_SEARCH_PATHS = "$(inherited) @executable_path/Frameworks";
				PRODUCT_BUNDLE_IDENTIFIER = "com.alexnuzhnyi.app-swoosh";
				PRODUCT_NAME = "$(TARGET_NAME)";
				SWIFT_VERSION = 3.0;
			};
			name = Release;
		};
/* End XCBuildConfiguration section */

/* Begin XCConfigurationList section */
		113625A51F41AC4000A7A609 /* Build configuration list for PBXProject "app-swoosh" */ = {
			isa = XCConfigurationList;
			buildConfigurations = (
				113625BA1F41AC4000A7A609 /* Debug */,
				113625BB1F41AC4000A7A609 /* Release */,
			);
			defaultConfigurationIsVisible = 0;
			defaultConfigurationName = Release;
		};
		113625BC1F41AC4000A7A609 /* Build configuration list for PBXNativeTarget "app-swoosh" */ = {
			isa = XCConfigurationList;
			buildConfigurations = (
				113625BD1F41AC4000A7A609 /* Debug */,
				113625BE1F41AC4000A7A609 /* Release */,
			);
			defaultConfigurationIsVisible = 0;
			defaultConfigurationName = Release;
		};
/* End XCConfigurationList section */
	};
	rootObject = 113625A21F41AC4000A7A609 /* Project object */;
}
